
Microsoft Visual Studio Solution File, Format Version 12.00
# Visual Studio Version 16
VisualStudioVersion = 16.0.31112.23
MinimumVisualStudioVersion = 10.0.40219.1
Project("{FAE04EC0-301F-11D3-BF4B-00C04F79EFBC}") = "TopRaceApp.UWP", "TopRaceApp\TopRaceApp.UWP\TopRaceApp.UWP.csproj", "{E55433E7-9134-4E42-9C70-CE6F3A6494E3}"
EndProject
Project("{FAE04EC0-301F-11D3-BF4B-00C04F79EFBC}") = "TopRaceApp.Android", "TopRaceApp\TopRaceApp.Android\TopRaceApp.Android.csproj", "{A7D18EED-4158-4EF2-A1A6-AA6041E79BB4}"
EndProject
Project("{FAE04EC0-301F-11D3-BF4B-00C04F79EFBC}") = "TopRaceApp.iOS", "TopRaceApp\TopRaceApp.iOS\TopRaceApp.iOS.csproj", "{0E316D96-AFD4-467E-95AF-4F4AD4AD2D46}"
EndProject
Project("{9A19103F-16F7-4668-BE54-9A1E7A4F7556}") = "TopRaceApp", "TopRaceApp\TopRaceApp\TopRaceApp.csproj", "{A741D63F-4B75-44C6-BE6E-F84DE0F9BE77}"
EndProject
Project("{FAE04EC0-301F-11D3-BF4B-00C04F79EFBC}") = "GameTester", "GameTester\GameTester.csproj", "{1DEFCA62-1E51-4D1A-86B0-5A96BC7B3A48}"
EndProject
Global
	GlobalSection(SolutionConfigurationPlatforms) = preSolution
		Debug|Any CPU = Debug|Any CPU
		Debug|ARM = Debug|ARM
		Debug|iPhone = Debug|iPhone
		Debug|iPhoneSimulator = Debug|iPhoneSimulator
		Debug|x64 = Debug|x64
		Debug|x86 = Debug|x86
		Release|Any CPU = Release|Any CPU
		Release|ARM = Release|ARM
		Release|iPhone = Release|iPhone
		Release|iPhoneSimulator = Release|iPhoneSimulator
		Release|x64 = Release|x64
		Release|x86 = Release|x86
	EndGlobalSection
	GlobalSection(ProjectConfigurationPlatforms) = postSolution
		{E55433E7-9134-4E42-9C70-CE6F3A6494E3}.Debug|Any CPU.ActiveCfg = Debug|x86
		{E55433E7-9134-4E42-9C70-CE6F3A6494E3}.Debug|Any CPU.Build.0 = Debug|x86
		{E55433E7-9134-4E42-9C70-CE6F3A6494E3}.Debug|Any CPU.Deploy.0 = Debug|x86
		{E55433E7-9134-4E42-9C70-CE6F3A6494E3}.Debug|ARM.ActiveCfg = Debug|ARM
		{E55433E7-9134-4E42-9C70-CE6F3A6494E3}.Debug|ARM.Build.0 = Debug|ARM
		{E55433E7-9134-4E42-9C70-CE6F3A6494E3}.Debug|ARM.Deploy.0 = Debug|ARM
		{E55433E7-9134-4E42-9C70-CE6F3A6494E3}.Debug|iPhone.ActiveCfg = Debug|x86
		{E55433E7-9134-4E42-9C70-CE6F3A6494E3}.Debug|iPhone.Build.0 = Debug|x86
		{E55433E7-9134-4E42-9C70-CE6F3A6494E3}.Debug|iPhone.Deploy.0 = Debug|x86
		{E55433E7-9134-4E42-9C70-CE6F3A6494E3}.Debug|iPhoneSimulator.ActiveCfg = Debug|x86
		{E55433E7-9134-4E42-9C70-CE6F3A6494E3}.Debug|iPhoneSimulator.Build.0 = Debug|x86
		{E55433E7-9134-4E42-9C70-CE6F3A6494E3}.Debug|iPhoneSimulator.Deploy.0 = Debug|x86
		{E55433E7-9134-4E42-9C70-CE6F3A6494E3}.Debug|x64.ActiveCfg = Debug|x64
		{E55433E7-9134-4E42-9C70-CE6F3A6494E3}.Debug|x64.Build.0 = Debug|x64
		{E55433E7-9134-4E42-9C70-CE6F3A6494E3}.Debug|x64.Deploy.0 = Debug|x64
		{E55433E7-9134-4E42-9C70-CE6F3A6494E3}.Debug|x86.ActiveCfg = Debug|x86
		{E55433E7-9134-4E42-9C70-CE6F3A6494E3}.Debug|x86.Build.0 = Debug|x86
		{E55433E7-9134-4E42-9C70-CE6F3A6494E3}.Debug|x86.Deploy.0 = Debug|x86
		{E55433E7-9134-4E42-9C70-CE6F3A6494E3}.Release|Any CPU.ActiveCfg = Release|x86
		{E55433E7-9134-4E42-9C70-CE6F3A6494E3}.Release|Any CPU.Build.0 = Release|x86
		{E55433E7-9134-4E42-9C70-CE6F3A6494E3}.Release|Any CPU.Deploy.0 = Release|x86
		{E55433E7-9134-4E42-9C70-CE6F3A6494E3}.Release|ARM.ActiveCfg = Release|ARM
		{E55433E7-9134-4E42-9C70-CE6F3A6494E3}.Release|ARM.Build.0 = Release|ARM
		{E55433E7-9134-4E42-9C70-CE6F3A6494E3}.Release|ARM.Deploy.0 = Release|ARM
		{E55433E7-9134-4E42-9C70-CE6F3A6494E3}.Release|iPhone.ActiveCfg = Release|x86
		{E55433E7-9134-4E42-9C70-CE6F3A6494E3}.Release|iPhone.Build.0 = Release|x86
		{E55433E7-9134-4E42-9C70-CE6F3A6494E3}.Release|iPhone.Deploy.0 = Release|x86
		{E55433E7-9134-4E42-9C70-CE6F3A6494E3}.Release|iPhoneSimulator.ActiveCfg = Release|x86
		{E55433E7-9134-4E42-9C70-CE6F3A6494E3}.Release|iPhoneSimulator.Build.0 = Release|x86
		{E55433E7-9134-4E42-9C70-CE6F3A6494E3}.Release|iPhoneSimulator.Deploy.0 = Release|x86
		{E55433E7-9134-4E42-9C70-CE6F3A6494E3}.Release|x64.ActiveCfg = Release|x64
		{E55433E7-9134-4E42-9C70-CE6F3A6494E3}.Release|x64.Build.0 = Release|x64
		{E55433E7-9134-4E42-9C70-CE6F3A6494E3}.Release|x64.Deploy.0 = Release|x64
		{E55433E7-9134-4E42-9C70-CE6F3A6494E3}.Release|x86.ActiveCfg = Release|x86
		{E55433E7-9134-4E42-9C70-CE6F3A6494E3}.Release|x86.Build.0 = Release|x86
		{E55433E7-9134-4E42-9C70-CE6F3A6494E3}.Release|x86.Deploy.0 = Release|x86
		{A7D18EED-4158-4EF2-A1A6-AA6041E79BB4}.Debug|Any CPU.ActiveCfg = Debug|Any CPU
		{A7D18EED-4158-4EF2-A1A6-AA6041E79BB4}.Debug|Any CPU.Build.0 = Debug|Any CPU
		{A7D18EED-4158-4EF2-A1A6-AA6041E79BB4}.Debug|Any CPU.Deploy.0 = Debug|Any CPU
		{A7D18EED-4158-4EF2-A1A6-AA6041E79BB4}.Debug|ARM.ActiveCfg = Debug|Any CPU
		{A7D18EED-4158-4EF2-A1A6-AA6041E79BB4}.Debug|ARM.Build.0 = Debug|Any CPU
		{A7D18EED-4158-4EF2-A1A6-AA6041E79BB4}.Debug|ARM.Deploy.0 = Debug|Any CPU
		{A7D18EED-4158-4EF2-A1A6-AA6041E79BB4}.Debug|iPhone.ActiveCfg = Debug|Any CPU
		{A7D18EED-4158-4EF2-A1A6-AA6041E79BB4}.Debug|iPhone.Build.0 = Debug|Any CPU
		{A7D18EED-4158-4EF2-A1A6-AA6041E79BB4}.Debug|iPhone.Deploy.0 = Debug|Any CPU
		{A7D18EED-4158-4EF2-A1A6-AA6041E79BB4}.Debug|iPhoneSimulator.ActiveCfg = Debug|Any CPU
		{A7D18EED-4158-4EF2-A1A6-AA6041E79BB4}.Debug|iPhoneSimulator.Build.0 = Debug|Any CPU
		{A7D18EED-4158-4EF2-A1A6-AA6041E79BB4}.Debug|iPhoneSimulator.Deploy.0 = Debug|Any CPU
		{A7D18EED-4158-4EF2-A1A6-AA6041E79BB4}.Debug|x64.ActiveCfg = Debug|Any CPU
		{A7D18EED-4158-4EF2-A1A6-AA6041E79BB4}.Debug|x64.Build.0 = Debug|Any CPU
		{A7D18EED-4158-4EF2-A1A6-AA6041E79BB4}.Debug|x64.Deploy.0 = Debug|Any CPU
		{A7D18EED-4158-4EF2-A1A6-AA6041E79BB4}.Debug|x86.ActiveCfg = Debug|Any CPU
		{A7D18EED-4158-4EF2-A1A6-AA6041E79BB4}.Debug|x86.Build.0 = Debug|Any CPU
		{A7D18EED-4158-4EF2-A1A6-AA6041E79BB4}.Debug|x86.Deploy.0 = Debug|Any CPU
		{A7D18EED-4158-4EF2-A1A6-AA6041E79BB4}.Release|Any CPU.ActiveCfg = Release|Any CPU
		{A7D18EED-4158-4EF2-A1A6-AA6041E79BB4}.Release|Any CPU.Build.0 = Release|Any CPU
		{A7D18EED-4158-4EF2-A1A6-AA6041E79BB4}.Release|Any CPU.Deploy.0 = Release|Any CPU
		{A7D18EED-4158-4EF2-A1A6-AA6041E79BB4}.Release|ARM.ActiveCfg = Release|Any CPU
		{A7D18EED-4158-4EF2-A1A6-AA6041E79BB4}.Release|ARM.Build.0 = Release|Any CPU
		{A7D18EED-4158-4EF2-A1A6-AA6041E79BB4}.Release|ARM.Deploy.0 = Release|Any CPU
		{A7D18EED-4158-4EF2-A1A6-AA6041E79BB4}.Release|iPhone.ActiveCfg = Release|Any CPU
		{A7D18EED-4158-4EF2-A1A6-AA6041E79BB4}.Release|iPhone.Build.0 = Release|Any CPU
		{A7D18EED-4158-4EF2-A1A6-AA6041E79BB4}.Release|iPhone.Deploy.0 = Release|Any CPU
		{A7D18EED-4158-4EF2-A1A6-AA6041E79BB4}.Release|iPhoneSimulator.ActiveCfg = Release|Any CPU
		{A7D18EED-4158-4EF2-A1A6-AA6041E79BB4}.Release|iPhoneSimulator.Build.0 = Release|Any CPU
		{A7D18EED-4158-4EF2-A1A6-AA6041E79BB4}.Release|iPhoneSimulator.Deploy.0 = Release|Any CPU
		{A7D18EED-4158-4EF2-A1A6-AA6041E79BB4}.Release|x64.ActiveCfg = Release|Any CPU
		{A7D18EED-4158-4EF2-A1A6-AA6041E79BB4}.Release|x64.Build.0 = Release|Any CPU
		{A7D18EED-4158-4EF2-A1A6-AA6041E79BB4}.Release|x64.Deploy.0 = Release|Any CPU
		{A7D18EED-4158-4EF2-A1A6-AA6041E79BB4}.Release|x86.ActiveCfg = Release|Any CPU
		{A7D18EED-4158-4EF2-A1A6-AA6041E79BB4}.Release|x86.Build.0 = Release|Any CPU
		{A7D18EED-4158-4EF2-A1A6-AA6041E79BB4}.Release|x86.Deploy.0 = Release|Any CPU
		{0E316D96-AFD4-467E-95AF-4F4AD4AD2D46}.Debug|Any CPU.ActiveCfg = Debug|iPhoneSimulator
		{0E316D96-AFD4-467E-95AF-4F4AD4AD2D46}.Debug|Any CPU.Build.0 = Debug|iPhoneSimulator
		{0E316D96-AFD4-467E-95AF-4F4AD4AD2D46}.Debug|Any CPU.Deploy.0 = Debug|iPhoneSimulator
		{0E316D96-AFD4-467E-95AF-4F4AD4AD2D46}.Debug|ARM.ActiveCfg = Debug|iPhone
		{0E316D96-AFD4-467E-95AF-4F4AD4AD2D46}.Debug|ARM.Build.0 = Debug|iPhone
		{0E316D96-AFD4-467E-95AF-4F4AD4AD2D46}.Debug|ARM.Deploy.0 = Debug|iPhone
		{0E316D96-AFD4-467E-95AF-4F4AD4AD2D46}.Debug|iPhone.ActiveCfg = Debug|iPhone
		{0E316D96-AFD4-467E-95AF-4F4AD4AD2D46}.Debug|iPhone.Build.0 = Debug|iPhone
		{0E316D96-AFD4-467E-95AF-4F4AD4AD2D46}.Debug|iPhone.Deploy.0 = Debug|iPhone
		{0E316D96-AFD4-467E-95AF-4F4AD4AD2D46}.Debug|iPhoneSimulator.ActiveCfg = Debug|iPhoneSimulator
		{0E316D96-AFD4-467E-95AF-4F4AD4AD2D46}.Debug|iPhoneSimulator.Build.0 = Debug|iPhoneSimulator
		{0E316D96-AFD4-467E-95AF-4F4AD4AD2D46}.Debug|iPhoneSimulator.Deploy.0 = Debug|iPhoneSimulator
		{0E316D96-AFD4-467E-95AF-4F4AD4AD2D46}.Debug|x64.ActiveCfg = Debug|iPhoneSimulator
		{0E316D96-AFD4-467E-95AF-4F4AD4AD2D46}.Debug|x64.Build.0 = Debug|iPhoneSimulator
		{0E316D96-AFD4-467E-95AF-4F4AD4AD2D46}.Debug|x64.Deploy.0 = Debug|iPhoneSimulator
		{0E316D96-AFD4-467E-95AF-4F4AD4AD2D46}.Debug|x86.ActiveCfg = Debug|iPhoneSimulator
		{0E316D96-AFD4-467E-95AF-4F4AD4AD2D46}.Debug|x86.Build.0 = Debug|iPhoneSimulator
		{0E316D96-AFD4-467E-95AF-4F4AD4AD2D46}.Debug|x86.Deploy.0 = Debug|iPhoneSimulator
		{0E316D96-AFD4-467E-95AF-4F4AD4AD2D46}.Release|Any CPU.ActiveCfg = Release|iPhoneSimulator
		{0E316D96-AFD4-467E-95AF-4F4AD4AD2D46}.Release|Any CPU.Build.0 = Release|iPhoneSimulator
		{0E316D96-AFD4-467E-95AF-4F4AD4AD2D46}.Release|Any CPU.Deploy.0 = Release|iPhoneSimulator
		{0E316D96-AFD4-467E-95AF-4F4AD4AD2D46}.Release|ARM.ActiveCfg = Release|iPhoneSimulator
		{0E316D96-AFD4-467E-95AF-4F4AD4AD2D46}.Release|ARM.Build.0 = Release|iPhoneSimulator
		{0E316D96-AFD4-467E-95AF-4F4AD4AD2D46}.Release|ARM.Deploy.0 = Release|iPhoneSimulator
		{0E316D96-AFD4-467E-95AF-4F4AD4AD2D46}.Release|iPhone.ActiveCfg = Release|iPhone
		{0E316D96-AFD4-467E-95AF-4F4AD4AD2D46}.Release|iPhone.Build.0 = Release|iPhone
		{0E316D96-AFD4-467E-95AF-4F4AD4AD2D46}.Release|iPhone.Deploy.0 = Release|iPhone
		{0E316D96-AFD4-467E-95AF-4F4AD4AD2D46}.Release|iPhoneSimulator.ActiveCfg = Release|iPhoneSimulator
		{0E316D96-AFD4-467E-95AF-4F4AD4AD2D46}.Release|iPhoneSimulator.Build.0 = Release|iPhoneSimulator
		{0E316D96-AFD4-467E-95AF-4F4AD4AD2D46}.Release|iPhoneSimulator.Deploy.0 = Release|iPhoneSimulator
		{0E316D96-AFD4-467E-95AF-4F4AD4AD2D46}.Release|x64.ActiveCfg = Release|iPhoneSimulator
		{0E316D96-AFD4-467E-95AF-4F4AD4AD2D46}.Release|x64.Build.0 = Release|iPhoneSimulator
		{0E316D96-AFD4-467E-95AF-4F4AD4AD2D46}.Release|x64.Deploy.0 = Release|iPhoneSimulator
		{0E316D96-AFD4-467E-95AF-4F4AD4AD2D46}.Release|x86.ActiveCfg = Release|iPhoneSimulator
		{0E316D96-AFD4-467E-95AF-4F4AD4AD2D46}.Release|x86.Build.0 = Release|iPhoneSimulator
		{0E316D96-AFD4-467E-95AF-4F4AD4AD2D46}.Release|x86.Deploy.0 = Release|iPhoneSimulator
		{A741D63F-4B75-44C6-BE6E-F84DE0F9BE77}.Debug|Any CPU.ActiveCfg = Debug|Any CPU
		{A741D63F-4B75-44C6-BE6E-F84DE0F9BE77}.Debug|Any CPU.Build.0 = Debug|Any CPU
		{A741D63F-4B75-44C6-BE6E-F84DE0F9BE77}.Debug|Any CPU.Deploy.0 = Debug|Any CPU
		{A741D63F-4B75-44C6-BE6E-F84DE0F9BE77}.Debug|ARM.ActiveCfg = Debug|Any CPU
		{A741D63F-4B75-44C6-BE6E-F84DE0F9BE77}.Debug|ARM.Build.0 = Debug|Any CPU
		{A741D63F-4B75-44C6-BE6E-F84DE0F9BE77}.Debug|ARM.Deploy.0 = Debug|Any CPU
		{A741D63F-4B75-44C6-BE6E-F84DE0F9BE77}.Debug|iPhone.ActiveCfg = Debug|Any CPU
		{A741D63F-4B75-44C6-BE6E-F84DE0F9BE77}.Debug|iPhone.Build.0 = Debug|Any CPU
		{A741D63F-4B75-44C6-BE6E-F84DE0F9BE77}.Debug|iPhone.Deploy.0 = Debug|Any CPU
		{A741D63F-4B75-44C6-BE6E-F84DE0F9BE77}.Debug|iPhoneSimulator.ActiveCfg = Debug|Any CPU
		{A741D63F-4B75-44C6-BE6E-F84DE0F9BE77}.Debug|iPhoneSimulator.Build.0 = Debug|Any CPU
		{A741D63F-4B75-44C6-BE6E-F84DE0F9BE77}.Debug|iPhoneSimulator.Deploy.0 = Debug|Any CPU
		{A741D63F-4B75-44C6-BE6E-F84DE0F9BE77}.Debug|x64.ActiveCfg = Debug|Any CPU
		{A741D63F-4B75-44C6-BE6E-F84DE0F9BE77}.Debug|x64.Build.0 = Debug|Any CPU
		{A741D63F-4B75-44C6-BE6E-F84DE0F9BE77}.Debug|x64.Deploy.0 = Debug|Any CPU
		{A741D63F-4B75-44C6-BE6E-F84DE0F9BE77}.Debug|x86.ActiveCfg = Debug|Any CPU
		{A741D63F-4B75-44C6-BE6E-F84DE0F9BE77}.Debug|x86.Build.0 = Debug|Any CPU
		{A741D63F-4B75-44C6-BE6E-F84DE0F9BE77}.Debug|x86.Deploy.0 = Debug|Any CPU
		{A741D63F-4B75-44C6-BE6E-F84DE0F9BE77}.Release|Any CPU.ActiveCfg = Release|Any CPU
		{A741D63F-4B75-44C6-BE6E-F84DE0F9BE77}.Release|Any CPU.Build.0 = Release|Any CPU
		{A741D63F-4B75-44C6-BE6E-F84DE0F9BE77}.Release|Any CPU.Deploy.0 = Release|Any CPU
		{A741D63F-4B75-44C6-BE6E-F84DE0F9BE77}.Release|ARM.ActiveCfg = Release|Any CPU
		{A741D63F-4B75-44C6-BE6E-F84DE0F9BE77}.Release|ARM.Build.0 = Release|Any CPU
		{A741D63F-4B75-44C6-BE6E-F84DE0F9BE77}.Release|ARM.Deploy.0 = Release|Any CPU
		{A741D63F-4B75-44C6-BE6E-F84DE0F9BE77}.Release|iPhone.ActiveCfg = Release|Any CPU
		{A741D63F-4B75-44C6-BE6E-F84DE0F9BE77}.Release|iPhone.Build.0 = Release|Any CPU
		{A741D63F-4B75-44C6-BE6E-F84DE0F9BE77}.Release|iPhone.Deploy.0 = Release|Any CPU
		{A741D63F-4B75-44C6-BE6E-F84DE0F9BE77}.Release|iPhoneSimulator.ActiveCfg = Release|Any CPU
		{A741D63F-4B75-44C6-BE6E-F84DE0F9BE77}.Release|iPhoneSimulator.Build.0 = Release|Any CPU
		{A741D63F-4B75-44C6-BE6E-F84DE0F9BE77}.Release|iPhoneSimulator.Deploy.0 = Release|Any CPU
		{A741D63F-4B75-44C6-BE6E-F84DE0F9BE77}.Release|x64.ActiveCfg = Release|Any CPU
		{A741D63F-4B75-44C6-BE6E-F84DE0F9BE77}.Release|x64.Build.0 = Release|Any CPU
		{A741D63F-4B75-44C6-BE6E-F84DE0F9BE77}.Release|x64.Deploy.0 = Release|Any CPU
		{A741D63F-4B75-44C6-BE6E-F84DE0F9BE77}.Release|x86.ActiveCfg = Release|Any CPU
		{A741D63F-4B75-44C6-BE6E-F84DE0F9BE77}.Release|x86.Build.0 = Release|Any CPU
		{A741D63F-4B75-44C6-BE6E-F84DE0F9BE77}.Release|x86.Deploy.0 = Release|Any CPU
		{1DEFCA62-1E51-4D1A-86B0-5A96BC7B3A48}.Debug|Any CPU.ActiveCfg = Debug|Any CPU
		{1DEFCA62-1E51-4D1A-86B0-5A96BC7B3A48}.Debug|Any CPU.Build.0 = Debug|Any CPU
		{1DEFCA62-1E51-4D1A-86B0-5A96BC7B3A48}.Debug|ARM.ActiveCfg = Debug|Any CPU
		{1DEFCA62-1E51-4D1A-86B0-5A96BC7B3A48}.Debug|ARM.Build.0 = Debug|Any CPU
		{1DEFCA62-1E51-4D1A-86B0-5A96BC7B3A48}.Debug|iPhone.ActiveCfg = Debug|Any CPU
		{1DEFCA62-1E51-4D1A-86B0-5A96BC7B3A48}.Debug|iPhone.Build.0 = Debug|Any CPU
		{1DEFCA62-1E51-4D1A-86B0-5A96BC7B3A48}.Debug|iPhoneSimulator.ActiveCfg = Debug|Any CPU
		{1DEFCA62-1E51-4D1A-86B0-5A96BC7B3A48}.Debug|iPhoneSimulator.Build.0 = Debug|Any CPU
		{1DEFCA62-1E51-4D1A-86B0-5A96BC7B3A48}.Debug|x64.ActiveCfg = Debug|Any CPU
		{1DEFCA62-1E51-4D1A-86B0-5A96BC7B3A48}.Debug|x64.Build.0 = Debug|Any CPU
		{1DEFCA62-1E51-4D1A-86B0-5A96BC7B3A48}.Debug|x86.ActiveCfg = Debug|Any CPU
		{1DEFCA62-1E51-4D1A-86B0-5A96BC7B3A48}.Debug|x86.Build.0 = Debug|Any CPU
		{1DEFCA62-1E51-4D1A-86B0-5A96BC7B3A48}.Release|Any CPU.ActiveCfg = Release|Any CPU
		{1DEFCA62-1E51-4D1A-86B0-5A96BC7B3A48}.Release|Any CPU.Build.0 = Release|Any CPU
		{1DEFCA62-1E51-4D1A-86B0-5A96BC7B3A48}.Release|ARM.ActiveCfg = Release|Any CPU
		{1DEFCA62-1E51-4D1A-86B0-5A96BC7B3A48}.Release|ARM.Build.0 = Release|Any CPU
		{1DEFCA62-1E51-4D1A-86B0-5A96BC7B3A48}.Release|iPhone.ActiveCfg = Release|Any CPU
		{1DEFCA62-1E51-4D1A-86B0-5A96BC7B3A48}.Release|iPhone.Build.0 = Release|Any CPU
		{1DEFCA62-1E51-4D1A-86B0-5A96BC7B3A48}.Release|iPhoneSimulator.ActiveCfg = Release|Any CPU
		{1DEFCA62-1E51-4D1A-86B0-5A96BC7B3A48}.Release|iPhoneSimulator.Build.0 = Release|Any CPU
		{1DEFCA62-1E51-4D1A-86B0-5A96BC7B3A48}.Release|x64.ActiveCfg = Release|Any CPU
		{1DEFCA62-1E51-4D1A-86B0-5A96BC7B3A48}.Release|x64.Build.0 = Release|Any CPU
		{1DEFCA62-1E51-4D1A-86B0-5A96BC7B3A48}.Release|x86.ActiveCfg = Release|Any CPU
		{1DEFCA62-1E51-4D1A-86B0-5A96BC7B3A48}.Release|x86.Build.0 = Release|Any CPU
	EndGlobalSection
	GlobalSection(SolutionProperties) = preSolution
		HideSolutionNode = FALSE
	EndGlobalSection
	GlobalSection(ExtensibilityGlobals) = postSolution
		SolutionGuid = {7F8D60CE-D84E-48CA-829B-9207876B4467}
	EndGlobalSection
EndGlobal
